
Microsoft Visual Studio Solution File, Format Version 12.00
# Visual Studio Version 17
VisualStudioVersion = 17.9.34728.123
MinimumVisualStudioVersion = 10.0.40219.1
Project("{FAE04EC0-301F-11D3-BF4B-00C04F79EFBC}") = "M7_SWENG421", "M7_SWENG421\M7_SWENG421.csproj", "{3C44B61B-1093-4CD4-A39D-4E48486B2236}"
EndProject
Global
	GlobalSection(SolutionConfigurationPlatforms) = preSolution
		Debug|Any CPU = Debug|Any CPU
		Release|Any CPU = Release|Any CPU
	EndGlobalSection
	GlobalSection(ProjectConfigurationPlatforms) = postSolution
		{3C44B61B-1093-4CD4-A39D-4E48486B2236}.Debug|Any CPU.ActiveCfg = Debug|Any CPU
		{3C44B61B-1093-4CD4-A39D-4E48486B2236}.Debug|Any CPU.Build.0 = Debug|Any CPU
		{3C44B61B-1093-4CD4-A39D-4E48486B2236}.Release|Any CPU.ActiveCfg = Release|Any CPU
		{3C44B61B-1093-4CD4-A39D-4E48486B2236}.Release|Any CPU.Build.0 = Release|Any CPU
	EndGlobalSection
	GlobalSection(SolutionProperties) = preSolution
		HideSolutionNode = FALSE
	EndGlobalSection
	GlobalSection(ExtensibilityGlobals) = postSolution
		SolutionGuid = {09639578-C52A-4522-AF8B-81EF0598D7E7}
	EndGlobalSection
EndGlobal
